
Microsoft Visual Studio Solution File, Format Version 12.00
# Visual Studio 2015
Project("{FAE04EC0-301F-11D3-BF4B-00C04F79EFBC}") = "AStar1.CSharp", "AStar1.CSharp.csproj", "{79A62E3A-6117-A8BB-1D7F-A2C7734F07BB}"
EndProject
Project("{FAE04EC0-301F-11D3-BF4B-00C04F79EFBC}") = "AStar1.CSharp.Editor", "AStar1.CSharp.Editor.csproj", "{C1D0BB76-3D2C-1FBA-072B-AD1B869D2AF6}"
EndProject
Global
	GlobalSection(SolutionConfigurationPlatforms) = preSolution
		Debug|Any CPU = Debug|Any CPU
		Release|Any CPU = Release|Any CPU
	EndGlobalSection
	GlobalSection(ProjectConfigurationPlatforms) = postSolution
		{79A62E3A-6117-A8BB-1D7F-A2C7734F07BB}.Debug|Any CPU.ActiveCfg = Debug|Any CPU
		{79A62E3A-6117-A8BB-1D7F-A2C7734F07BB}.Debug|Any CPU.Build.0 = Debug|Any CPU
		{79A62E3A-6117-A8BB-1D7F-A2C7734F07BB}.Release|Any CPU.ActiveCfg = Release|Any CPU
		{79A62E3A-6117-A8BB-1D7F-A2C7734F07BB}.Release|Any CPU.Build.0 = Release|Any CPU
		{C1D0BB76-3D2C-1FBA-072B-AD1B869D2AF6}.Debug|Any CPU.ActiveCfg = Debug|Any CPU
		{C1D0BB76-3D2C-1FBA-072B-AD1B869D2AF6}.Debug|Any CPU.Build.0 = Debug|Any CPU
		{C1D0BB76-3D2C-1FBA-072B-AD1B869D2AF6}.Release|Any CPU.ActiveCfg = Release|Any CPU
		{C1D0BB76-3D2C-1FBA-072B-AD1B869D2AF6}.Release|Any CPU.Build.0 = Release|Any CPU
	EndGlobalSection
	GlobalSection(SolutionProperties) = preSolution
		HideSolutionNode = FALSE
	EndGlobalSection
EndGlobal
