
Microsoft Visual Studio Solution File, Format Version 12.00
# Visual Studio 2015
Project("{FAE04EC0-301F-11D3-BF4B-00C04F79EFBC}") = "City-Building.CSharp", "City-Building.CSharp.csproj", "{64875B55-FEA2-2969-31BD-CDD257DA0266}"
EndProject
Project("{FAE04EC0-301F-11D3-BF4B-00C04F79EFBC}") = "City-Building.CSharp.Editor", "City-Building.CSharp.Editor.csproj", "{09DAFF9B-C155-2196-D90A-5A1889A9E14E}"
EndProject
Global
	GlobalSection(SolutionConfigurationPlatforms) = preSolution
		Debug|Any CPU = Debug|Any CPU
		Release|Any CPU = Release|Any CPU
	EndGlobalSection
	GlobalSection(ProjectConfigurationPlatforms) = postSolution
		{64875B55-FEA2-2969-31BD-CDD257DA0266}.Debug|Any CPU.ActiveCfg = Debug|Any CPU
		{64875B55-FEA2-2969-31BD-CDD257DA0266}.Debug|Any CPU.Build.0 = Debug|Any CPU
		{64875B55-FEA2-2969-31BD-CDD257DA0266}.Release|Any CPU.ActiveCfg = Release|Any CPU
		{64875B55-FEA2-2969-31BD-CDD257DA0266}.Release|Any CPU.Build.0 = Release|Any CPU
		{09DAFF9B-C155-2196-D90A-5A1889A9E14E}.Debug|Any CPU.ActiveCfg = Debug|Any CPU
		{09DAFF9B-C155-2196-D90A-5A1889A9E14E}.Debug|Any CPU.Build.0 = Debug|Any CPU
		{09DAFF9B-C155-2196-D90A-5A1889A9E14E}.Release|Any CPU.ActiveCfg = Release|Any CPU
		{09DAFF9B-C155-2196-D90A-5A1889A9E14E}.Release|Any CPU.Build.0 = Release|Any CPU
	EndGlobalSection
	GlobalSection(SolutionProperties) = preSolution
		HideSolutionNode = FALSE
	EndGlobalSection
EndGlobal
